
Microsoft Visual Studio Solution File, Format Version 12.00
# Visual Studio 14
VisualStudioVersion = 14.0.25420.1
MinimumVisualStudioVersion = 10.0.40219.1
Project("{FAE04EC0-301F-11D3-BF4B-00C04F79EFBC}") = "luis_beuth_mobile", "luis_beuth_mobile\luis_beuth_mobile\luis_beuth_mobile.csproj", "{653273C8-5BEA-4CD6-80A8-FA1918A711BE}"
EndProject
Project("{FAE04EC0-301F-11D3-BF4B-00C04F79EFBC}") = "luis_beuth_mobile.Droid", "luis_beuth_mobile\luis_beuth_mobile.Droid\luis_beuth_mobile.Droid.csproj", "{F220D52B-4C5A-42BD-A23C-F5F60DFEEBB9}"
EndProject
Project("{FAE04EC0-301F-11D3-BF4B-00C04F79EFBC}") = "luis_beuth_mobile.iOS", "luis_beuth_mobile\luis_beuth_mobile.iOS\luis_beuth_mobile.iOS.csproj", "{EF05DFAA-21F0-48CE-A51D-A757A5548D40}"
EndProject
Project("{FAE04EC0-301F-11D3-BF4B-00C04F79EFBC}") = "luis_beuth-mobile.UWP", "luis_beuth-mobile.UWP\luis_beuth-mobile.UWP.csproj", "{AFF13746-FBFE-44DE-A013-AD0E9BCDC2AB}"
EndProject
Global
	GlobalSection(SolutionConfigurationPlatforms) = preSolution
		Ad-Hoc|Any CPU = Ad-Hoc|Any CPU
		Ad-Hoc|ARM = Ad-Hoc|ARM
		Ad-Hoc|iPhone = Ad-Hoc|iPhone
		Ad-Hoc|iPhoneSimulator = Ad-Hoc|iPhoneSimulator
		Ad-Hoc|x64 = Ad-Hoc|x64
		Ad-Hoc|x86 = Ad-Hoc|x86
		AppStore|Any CPU = AppStore|Any CPU
		AppStore|ARM = AppStore|ARM
		AppStore|iPhone = AppStore|iPhone
		AppStore|iPhoneSimulator = AppStore|iPhoneSimulator
		AppStore|x64 = AppStore|x64
		AppStore|x86 = AppStore|x86
		Debug|Any CPU = Debug|Any CPU
		Debug|ARM = Debug|ARM
		Debug|iPhone = Debug|iPhone
		Debug|iPhoneSimulator = Debug|iPhoneSimulator
		Debug|x64 = Debug|x64
		Debug|x86 = Debug|x86
		Release|Any CPU = Release|Any CPU
		Release|ARM = Release|ARM
		Release|iPhone = Release|iPhone
		Release|iPhoneSimulator = Release|iPhoneSimulator
		Release|x64 = Release|x64
		Release|x86 = Release|x86
	EndGlobalSection
	GlobalSection(ProjectConfigurationPlatforms) = postSolution
		{653273C8-5BEA-4CD6-80A8-FA1918A711BE}.Ad-Hoc|Any CPU.ActiveCfg = Release|Any CPU
		{653273C8-5BEA-4CD6-80A8-FA1918A711BE}.Ad-Hoc|Any CPU.Build.0 = Release|Any CPU
		{653273C8-5BEA-4CD6-80A8-FA1918A711BE}.Ad-Hoc|ARM.ActiveCfg = Release|Any CPU
		{653273C8-5BEA-4CD6-80A8-FA1918A711BE}.Ad-Hoc|ARM.Build.0 = Release|Any CPU
		{653273C8-5BEA-4CD6-80A8-FA1918A711BE}.Ad-Hoc|iPhone.ActiveCfg = Release|Any CPU
		{653273C8-5BEA-4CD6-80A8-FA1918A711BE}.Ad-Hoc|iPhone.Build.0 = Release|Any CPU
		{653273C8-5BEA-4CD6-80A8-FA1918A711BE}.Ad-Hoc|iPhoneSimulator.ActiveCfg = Release|Any CPU
		{653273C8-5BEA-4CD6-80A8-FA1918A711BE}.Ad-Hoc|iPhoneSimulator.Build.0 = Release|Any CPU
		{653273C8-5BEA-4CD6-80A8-FA1918A711BE}.Ad-Hoc|x64.ActiveCfg = Release|Any CPU
		{653273C8-5BEA-4CD6-80A8-FA1918A711BE}.Ad-Hoc|x64.Build.0 = Release|Any CPU
		{653273C8-5BEA-4CD6-80A8-FA1918A711BE}.Ad-Hoc|x86.ActiveCfg = Release|Any CPU
		{653273C8-5BEA-4CD6-80A8-FA1918A711BE}.Ad-Hoc|x86.Build.0 = Release|Any CPU
		{653273C8-5BEA-4CD6-80A8-FA1918A711BE}.AppStore|Any CPU.ActiveCfg = Release|Any CPU
		{653273C8-5BEA-4CD6-80A8-FA1918A711BE}.AppStore|Any CPU.Build.0 = Release|Any CPU
		{653273C8-5BEA-4CD6-80A8-FA1918A711BE}.AppStore|ARM.ActiveCfg = Release|Any CPU
		{653273C8-5BEA-4CD6-80A8-FA1918A711BE}.AppStore|ARM.Build.0 = Release|Any CPU
		{653273C8-5BEA-4CD6-80A8-FA1918A711BE}.AppStore|iPhone.ActiveCfg = Release|Any CPU
		{653273C8-5BEA-4CD6-80A8-FA1918A711BE}.AppStore|iPhone.Build.0 = Release|Any CPU
		{653273C8-5BEA-4CD6-80A8-FA1918A711BE}.AppStore|iPhoneSimulator.ActiveCfg = Release|Any CPU
		{653273C8-5BEA-4CD6-80A8-FA1918A711BE}.AppStore|iPhoneSimulator.Build.0 = Release|Any CPU
		{653273C8-5BEA-4CD6-80A8-FA1918A711BE}.AppStore|x64.ActiveCfg = Release|Any CPU
		{653273C8-5BEA-4CD6-80A8-FA1918A711BE}.AppStore|x64.Build.0 = Release|Any CPU
		{653273C8-5BEA-4CD6-80A8-FA1918A711BE}.AppStore|x86.ActiveCfg = Release|Any CPU
		{653273C8-5BEA-4CD6-80A8-FA1918A711BE}.AppStore|x86.Build.0 = Release|Any CPU
		{653273C8-5BEA-4CD6-80A8-FA1918A711BE}.Debug|Any CPU.ActiveCfg = Debug|Any CPU
		{653273C8-5BEA-4CD6-80A8-FA1918A711BE}.Debug|Any CPU.Build.0 = Debug|Any CPU
		{653273C8-5BEA-4CD6-80A8-FA1918A711BE}.Debug|ARM.ActiveCfg = Debug|Any CPU
		{653273C8-5BEA-4CD6-80A8-FA1918A711BE}.Debug|ARM.Build.0 = Debug|Any CPU
		{653273C8-5BEA-4CD6-80A8-FA1918A711BE}.Debug|iPhone.ActiveCfg = Debug|Any CPU
		{653273C8-5BEA-4CD6-80A8-FA1918A711BE}.Debug|iPhone.Build.0 = Debug|Any CPU
		{653273C8-5BEA-4CD6-80A8-FA1918A711BE}.Debug|iPhoneSimulator.ActiveCfg = Debug|Any CPU
		{653273C8-5BEA-4CD6-80A8-FA1918A711BE}.Debug|iPhoneSimulator.Build.0 = Debug|Any CPU
		{653273C8-5BEA-4CD6-80A8-FA1918A711BE}.Debug|x64.ActiveCfg = Debug|Any CPU
		{653273C8-5BEA-4CD6-80A8-FA1918A711BE}.Debug|x64.Build.0 = Debug|Any CPU
		{653273C8-5BEA-4CD6-80A8-FA1918A711BE}.Debug|x86.ActiveCfg = Debug|Any CPU
		{653273C8-5BEA-4CD6-80A8-FA1918A711BE}.Debug|x86.Build.0 = Debug|Any CPU
		{653273C8-5BEA-4CD6-80A8-FA1918A711BE}.Release|Any CPU.ActiveCfg = Release|Any CPU
		{653273C8-5BEA-4CD6-80A8-FA1918A711BE}.Release|Any CPU.Build.0 = Release|Any CPU
		{653273C8-5BEA-4CD6-80A8-FA1918A711BE}.Release|ARM.ActiveCfg = Release|Any CPU
		{653273C8-5BEA-4CD6-80A8-FA1918A711BE}.Release|ARM.Build.0 = Release|Any CPU
		{653273C8-5BEA-4CD6-80A8-FA1918A711BE}.Release|iPhone.ActiveCfg = Release|Any CPU
		{653273C8-5BEA-4CD6-80A8-FA1918A711BE}.Release|iPhone.Build.0 = Release|Any CPU
		{653273C8-5BEA-4CD6-80A8-FA1918A711BE}.Release|iPhoneSimulator.ActiveCfg = Release|Any CPU
		{653273C8-5BEA-4CD6-80A8-FA1918A711BE}.Release|iPhoneSimulator.Build.0 = Release|Any CPU
		{653273C8-5BEA-4CD6-80A8-FA1918A711BE}.Release|x64.ActiveCfg = Release|Any CPU
		{653273C8-5BEA-4CD6-80A8-FA1918A711BE}.Release|x64.Build.0 = Release|Any CPU
		{653273C8-5BEA-4CD6-80A8-FA1918A711BE}.Release|x86.ActiveCfg = Release|Any CPU
		{653273C8-5BEA-4CD6-80A8-FA1918A711BE}.Release|x86.Build.0 = Release|Any CPU
		{F220D52B-4C5A-42BD-A23C-F5F60DFEEBB9}.Ad-Hoc|Any CPU.ActiveCfg = Release|Any CPU
		{F220D52B-4C5A-42BD-A23C-F5F60DFEEBB9}.Ad-Hoc|Any CPU.Build.0 = Release|Any CPU
		{F220D52B-4C5A-42BD-A23C-F5F60DFEEBB9}.Ad-Hoc|Any CPU.Deploy.0 = Release|Any CPU
		{F220D52B-4C5A-42BD-A23C-F5F60DFEEBB9}.Ad-Hoc|ARM.ActiveCfg = Release|Any CPU
		{F220D52B-4C5A-42BD-A23C-F5F60DFEEBB9}.Ad-Hoc|ARM.Build.0 = Release|Any CPU
		{F220D52B-4C5A-42BD-A23C-F5F60DFEEBB9}.Ad-Hoc|ARM.Deploy.0 = Release|Any CPU
		{F220D52B-4C5A-42BD-A23C-F5F60DFEEBB9}.Ad-Hoc|iPhone.ActiveCfg = Release|Any CPU
		{F220D52B-4C5A-42BD-A23C-F5F60DFEEBB9}.Ad-Hoc|iPhone.Build.0 = Release|Any CPU
		{F220D52B-4C5A-42BD-A23C-F5F60DFEEBB9}.Ad-Hoc|iPhone.Deploy.0 = Release|Any CPU
		{F220D52B-4C5A-42BD-A23C-F5F60DFEEBB9}.Ad-Hoc|iPhoneSimulator.ActiveCfg = Release|Any CPU
		{F220D52B-4C5A-42BD-A23C-F5F60DFEEBB9}.Ad-Hoc|iPhoneSimulator.Build.0 = Release|Any CPU
		{F220D52B-4C5A-42BD-A23C-F5F60DFEEBB9}.Ad-Hoc|iPhoneSimulator.Deploy.0 = Release|Any CPU
		{F220D52B-4C5A-42BD-A23C-F5F60DFEEBB9}.Ad-Hoc|x64.ActiveCfg = Release|Any CPU
		{F220D52B-4C5A-42BD-A23C-F5F60DFEEBB9}.Ad-Hoc|x64.Build.0 = Release|Any CPU
		{F220D52B-4C5A-42BD-A23C-F5F60DFEEBB9}.Ad-Hoc|x64.Deploy.0 = Release|Any CPU
		{F220D52B-4C5A-42BD-A23C-F5F60DFEEBB9}.Ad-Hoc|x86.ActiveCfg = Release|Any CPU
		{F220D52B-4C5A-42BD-A23C-F5F60DFEEBB9}.Ad-Hoc|x86.Build.0 = Release|Any CPU
		{F220D52B-4C5A-42BD-A23C-F5F60DFEEBB9}.Ad-Hoc|x86.Deploy.0 = Release|Any CPU
		{F220D52B-4C5A-42BD-A23C-F5F60DFEEBB9}.AppStore|Any CPU.ActiveCfg = Release|Any CPU
		{F220D52B-4C5A-42BD-A23C-F5F60DFEEBB9}.AppStore|Any CPU.Build.0 = Release|Any CPU
		{F220D52B-4C5A-42BD-A23C-F5F60DFEEBB9}.AppStore|Any CPU.Deploy.0 = Release|Any CPU
		{F220D52B-4C5A-42BD-A23C-F5F60DFEEBB9}.AppStore|ARM.ActiveCfg = Release|Any CPU
		{F220D52B-4C5A-42BD-A23C-F5F60DFEEBB9}.AppStore|ARM.Build.0 = Release|Any CPU
		{F220D52B-4C5A-42BD-A23C-F5F60DFEEBB9}.AppStore|ARM.Deploy.0 = Release|Any CPU
		{F220D52B-4C5A-42BD-A23C-F5F60DFEEBB9}.AppStore|iPhone.ActiveCfg = Release|Any CPU
		{F220D52B-4C5A-42BD-A23C-F5F60DFEEBB9}.AppStore|iPhone.Build.0 = Release|Any CPU
		{F220D52B-4C5A-42BD-A23C-F5F60DFEEBB9}.AppStore|iPhone.Deploy.0 = Release|Any CPU
		{F220D52B-4C5A-42BD-A23C-F5F60DFEEBB9}.AppStore|iPhoneSimulator.ActiveCfg = Release|Any CPU
		{F220D52B-4C5A-42BD-A23C-F5F60DFEEBB9}.AppStore|iPhoneSimulator.Build.0 = Release|Any CPU
		{F220D52B-4C5A-42BD-A23C-F5F60DFEEBB9}.AppStore|iPhoneSimulator.Deploy.0 = Release|Any CPU
		{F220D52B-4C5A-42BD-A23C-F5F60DFEEBB9}.AppStore|x64.ActiveCfg = Release|Any CPU
		{F220D52B-4C5A-42BD-A23C-F5F60DFEEBB9}.AppStore|x64.Build.0 = Release|Any CPU
		{F220D52B-4C5A-42BD-A23C-F5F60DFEEBB9}.AppStore|x64.Deploy.0 = Release|Any CPU
		{F220D52B-4C5A-42BD-A23C-F5F60DFEEBB9}.AppStore|x86.ActiveCfg = Release|Any CPU
		{F220D52B-4C5A-42BD-A23C-F5F60DFEEBB9}.AppStore|x86.Build.0 = Release|Any CPU
		{F220D52B-4C5A-42BD-A23C-F5F60DFEEBB9}.AppStore|x86.Deploy.0 = Release|Any CPU
		{F220D52B-4C5A-42BD-A23C-F5F60DFEEBB9}.Debug|Any CPU.ActiveCfg = Debug|Any CPU
		{F220D52B-4C5A-42BD-A23C-F5F60DFEEBB9}.Debug|Any CPU.Build.0 = Debug|Any CPU
		{F220D52B-4C5A-42BD-A23C-F5F60DFEEBB9}.Debug|Any CPU.Deploy.0 = Debug|Any CPU
		{F220D52B-4C5A-42BD-A23C-F5F60DFEEBB9}.Debug|ARM.ActiveCfg = Debug|Any CPU
		{F220D52B-4C5A-42BD-A23C-F5F60DFEEBB9}.Debug|ARM.Build.0 = Debug|Any CPU
		{F220D52B-4C5A-42BD-A23C-F5F60DFEEBB9}.Debug|ARM.Deploy.0 = Debug|Any CPU
		{F220D52B-4C5A-42BD-A23C-F5F60DFEEBB9}.Debug|iPhone.ActiveCfg = Debug|Any CPU
		{F220D52B-4C5A-42BD-A23C-F5F60DFEEBB9}.Debug|iPhone.Build.0 = Debug|Any CPU
		{F220D52B-4C5A-42BD-A23C-F5F60DFEEBB9}.Debug|iPhone.Deploy.0 = Debug|Any CPU
		{F220D52B-4C5A-42BD-A23C-F5F60DFEEBB9}.Debug|iPhoneSimulator.ActiveCfg = Debug|Any CPU
		{F220D52B-4C5A-42BD-A23C-F5F60DFEEBB9}.Debug|iPhoneSimulator.Build.0 = Debug|Any CPU
		{F220D52B-4C5A-42BD-A23C-F5F60DFEEBB9}.Debug|iPhoneSimulator.Deploy.0 = Debug|Any CPU
		{F220D52B-4C5A-42BD-A23C-F5F60DFEEBB9}.Debug|x64.ActiveCfg = Debug|Any CPU
		{F220D52B-4C5A-42BD-A23C-F5F60DFEEBB9}.Debug|x64.Build.0 = Debug|Any CPU
		{F220D52B-4C5A-42BD-A23C-F5F60DFEEBB9}.Debug|x64.Deploy.0 = Debug|Any CPU
		{F220D52B-4C5A-42BD-A23C-F5F60DFEEBB9}.Debug|x86.ActiveCfg = Debug|Any CPU
		{F220D52B-4C5A-42BD-A23C-F5F60DFEEBB9}.Debug|x86.Build.0 = Debug|Any CPU
		{F220D52B-4C5A-42BD-A23C-F5F60DFEEBB9}.Debug|x86.Deploy.0 = Debug|Any CPU
		{F220D52B-4C5A-42BD-A23C-F5F60DFEEBB9}.Release|Any CPU.ActiveCfg = Release|Any CPU
		{F220D52B-4C5A-42BD-A23C-F5F60DFEEBB9}.Release|Any CPU.Build.0 = Release|Any CPU
		{F220D52B-4C5A-42BD-A23C-F5F60DFEEBB9}.Release|Any CPU.Deploy.0 = Release|Any CPU
		{F220D52B-4C5A-42BD-A23C-F5F60DFEEBB9}.Release|ARM.ActiveCfg = Release|Any CPU
		{F220D52B-4C5A-42BD-A23C-F5F60DFEEBB9}.Release|ARM.Build.0 = Release|Any CPU
		{F220D52B-4C5A-42BD-A23C-F5F60DFEEBB9}.Release|ARM.Deploy.0 = Release|Any CPU
		{F220D52B-4C5A-42BD-A23C-F5F60DFEEBB9}.Release|iPhone.ActiveCfg = Release|Any CPU
		{F220D52B-4C5A-42BD-A23C-F5F60DFEEBB9}.Release|iPhone.Build.0 = Release|Any CPU
		{F220D52B-4C5A-42BD-A23C-F5F60DFEEBB9}.Release|iPhone.Deploy.0 = Release|Any CPU
		{F220D52B-4C5A-42BD-A23C-F5F60DFEEBB9}.Release|iPhoneSimulator.ActiveCfg = Release|Any CPU
		{F220D52B-4C5A-42BD-A23C-F5F60DFEEBB9}.Release|iPhoneSimulator.Build.0 = Release|Any CPU
		{F220D52B-4C5A-42BD-A23C-F5F60DFEEBB9}.Release|iPhoneSimulator.Deploy.0 = Release|Any CPU
		{F220D52B-4C5A-42BD-A23C-F5F60DFEEBB9}.Release|x64.ActiveCfg = Release|Any CPU
		{F220D52B-4C5A-42BD-A23C-F5F60DFEEBB9}.Release|x64.Build.0 = Release|Any CPU
		{F220D52B-4C5A-42BD-A23C-F5F60DFEEBB9}.Release|x64.Deploy.0 = Release|Any CPU
		{F220D52B-4C5A-42BD-A23C-F5F60DFEEBB9}.Release|x86.ActiveCfg = Release|Any CPU
		{F220D52B-4C5A-42BD-A23C-F5F60DFEEBB9}.Release|x86.Build.0 = Release|Any CPU
		{F220D52B-4C5A-42BD-A23C-F5F60DFEEBB9}.Release|x86.Deploy.0 = Release|Any CPU
		{EF05DFAA-21F0-48CE-A51D-A757A5548D40}.Ad-Hoc|Any CPU.ActiveCfg = Ad-Hoc|iPhone
		{EF05DFAA-21F0-48CE-A51D-A757A5548D40}.Ad-Hoc|ARM.ActiveCfg = Ad-Hoc|iPhone
		{EF05DFAA-21F0-48CE-A51D-A757A5548D40}.Ad-Hoc|iPhone.ActiveCfg = Ad-Hoc|iPhone
		{EF05DFAA-21F0-48CE-A51D-A757A5548D40}.Ad-Hoc|iPhone.Build.0 = Ad-Hoc|iPhone
		{EF05DFAA-21F0-48CE-A51D-A757A5548D40}.Ad-Hoc|iPhoneSimulator.ActiveCfg = Ad-Hoc|iPhoneSimulator
		{EF05DFAA-21F0-48CE-A51D-A757A5548D40}.Ad-Hoc|iPhoneSimulator.Build.0 = Ad-Hoc|iPhoneSimulator
		{EF05DFAA-21F0-48CE-A51D-A757A5548D40}.Ad-Hoc|x64.ActiveCfg = Ad-Hoc|iPhone
		{EF05DFAA-21F0-48CE-A51D-A757A5548D40}.Ad-Hoc|x86.ActiveCfg = Ad-Hoc|iPhone
		{EF05DFAA-21F0-48CE-A51D-A757A5548D40}.AppStore|Any CPU.ActiveCfg = AppStore|iPhone
		{EF05DFAA-21F0-48CE-A51D-A757A5548D40}.AppStore|ARM.ActiveCfg = AppStore|iPhone
		{EF05DFAA-21F0-48CE-A51D-A757A5548D40}.AppStore|iPhone.ActiveCfg = AppStore|iPhone
		{EF05DFAA-21F0-48CE-A51D-A757A5548D40}.AppStore|iPhone.Build.0 = AppStore|iPhone
		{EF05DFAA-21F0-48CE-A51D-A757A5548D40}.AppStore|iPhoneSimulator.ActiveCfg = AppStore|iPhoneSimulator
		{EF05DFAA-21F0-48CE-A51D-A757A5548D40}.AppStore|iPhoneSimulator.Build.0 = AppStore|iPhoneSimulator
		{EF05DFAA-21F0-48CE-A51D-A757A5548D40}.AppStore|x64.ActiveCfg = AppStore|iPhone
		{EF05DFAA-21F0-48CE-A51D-A757A5548D40}.AppStore|x86.ActiveCfg = AppStore|iPhone
		{EF05DFAA-21F0-48CE-A51D-A757A5548D40}.Debug|Any CPU.ActiveCfg = Debug|iPhone
		{EF05DFAA-21F0-48CE-A51D-A757A5548D40}.Debug|ARM.ActiveCfg = Debug|iPhone
		{EF05DFAA-21F0-48CE-A51D-A757A5548D40}.Debug|iPhone.ActiveCfg = Debug|iPhone
		{EF05DFAA-21F0-48CE-A51D-A757A5548D40}.Debug|iPhone.Build.0 = Debug|iPhone
		{EF05DFAA-21F0-48CE-A51D-A757A5548D40}.Debug|iPhoneSimulator.ActiveCfg = Debug|iPhoneSimulator
		{EF05DFAA-21F0-48CE-A51D-A757A5548D40}.Debug|iPhoneSimulator.Build.0 = Debug|iPhoneSimulator
		{EF05DFAA-21F0-48CE-A51D-A757A5548D40}.Debug|x64.ActiveCfg = Debug|iPhone
		{EF05DFAA-21F0-48CE-A51D-A757A5548D40}.Debug|x86.ActiveCfg = Debug|iPhone
		{EF05DFAA-21F0-48CE-A51D-A757A5548D40}.Release|Any CPU.ActiveCfg = Release|iPhone
		{EF05DFAA-21F0-48CE-A51D-A757A5548D40}.Release|ARM.ActiveCfg = Release|iPhone
		{EF05DFAA-21F0-48CE-A51D-A757A5548D40}.Release|iPhone.ActiveCfg = Release|iPhone
		{EF05DFAA-21F0-48CE-A51D-A757A5548D40}.Release|iPhone.Build.0 = Release|iPhone
		{EF05DFAA-21F0-48CE-A51D-A757A5548D40}.Release|iPhoneSimulator.ActiveCfg = Release|iPhoneSimulator
		{EF05DFAA-21F0-48CE-A51D-A757A5548D40}.Release|iPhoneSimulator.Build.0 = Release|iPhoneSimulator
		{EF05DFAA-21F0-48CE-A51D-A757A5548D40}.Release|x64.ActiveCfg = Release|iPhone
		{EF05DFAA-21F0-48CE-A51D-A757A5548D40}.Release|x86.ActiveCfg = Release|iPhone
		{AFF13746-FBFE-44DE-A013-AD0E9BCDC2AB}.Ad-Hoc|Any CPU.ActiveCfg = Release|x64
		{AFF13746-FBFE-44DE-A013-AD0E9BCDC2AB}.Ad-Hoc|Any CPU.Build.0 = Release|x64
		{AFF13746-FBFE-44DE-A013-AD0E9BCDC2AB}.Ad-Hoc|Any CPU.Deploy.0 = Release|x64
		{AFF13746-FBFE-44DE-A013-AD0E9BCDC2AB}.Ad-Hoc|ARM.ActiveCfg = Release|ARM
		{AFF13746-FBFE-44DE-A013-AD0E9BCDC2AB}.Ad-Hoc|ARM.Build.0 = Release|ARM
		{AFF13746-FBFE-44DE-A013-AD0E9BCDC2AB}.Ad-Hoc|ARM.Deploy.0 = Release|ARM
		{AFF13746-FBFE-44DE-A013-AD0E9BCDC2AB}.Ad-Hoc|iPhone.ActiveCfg = Release|x64
		{AFF13746-FBFE-44DE-A013-AD0E9BCDC2AB}.Ad-Hoc|iPhone.Build.0 = Release|x64
		{AFF13746-FBFE-44DE-A013-AD0E9BCDC2AB}.Ad-Hoc|iPhone.Deploy.0 = Release|x64
		{AFF13746-FBFE-44DE-A013-AD0E9BCDC2AB}.Ad-Hoc|iPhoneSimulator.ActiveCfg = Release|x64
		{AFF13746-FBFE-44DE-A013-AD0E9BCDC2AB}.Ad-Hoc|iPhoneSimulator.Build.0 = Release|x64
		{AFF13746-FBFE-44DE-A013-AD0E9BCDC2AB}.Ad-Hoc|iPhoneSimulator.Deploy.0 = Release|x64
		{AFF13746-FBFE-44DE-A013-AD0E9BCDC2AB}.Ad-Hoc|x64.ActiveCfg = Release|x64
		{AFF13746-FBFE-44DE-A013-AD0E9BCDC2AB}.Ad-Hoc|x64.Build.0 = Release|x64
		{AFF13746-FBFE-44DE-A013-AD0E9BCDC2AB}.Ad-Hoc|x64.Deploy.0 = Release|x64
		{AFF13746-FBFE-44DE-A013-AD0E9BCDC2AB}.Ad-Hoc|x86.ActiveCfg = Release|x86
		{AFF13746-FBFE-44DE-A013-AD0E9BCDC2AB}.Ad-Hoc|x86.Build.0 = Release|x86
		{AFF13746-FBFE-44DE-A013-AD0E9BCDC2AB}.Ad-Hoc|x86.Deploy.0 = Release|x86
		{AFF13746-FBFE-44DE-A013-AD0E9BCDC2AB}.AppStore|Any CPU.ActiveCfg = Release|x64
		{AFF13746-FBFE-44DE-A013-AD0E9BCDC2AB}.AppStore|Any CPU.Build.0 = Release|x64
		{AFF13746-FBFE-44DE-A013-AD0E9BCDC2AB}.AppStore|Any CPU.Deploy.0 = Release|x64
		{AFF13746-FBFE-44DE-A013-AD0E9BCDC2AB}.AppStore|ARM.ActiveCfg = Release|ARM
		{AFF13746-FBFE-44DE-A013-AD0E9BCDC2AB}.AppStore|ARM.Build.0 = Release|ARM
		{AFF13746-FBFE-44DE-A013-AD0E9BCDC2AB}.AppStore|ARM.Deploy.0 = Release|ARM
		{AFF13746-FBFE-44DE-A013-AD0E9BCDC2AB}.AppStore|iPhone.ActiveCfg = Release|x64
		{AFF13746-FBFE-44DE-A013-AD0E9BCDC2AB}.AppStore|iPhone.Build.0 = Release|x64
		{AFF13746-FBFE-44DE-A013-AD0E9BCDC2AB}.AppStore|iPhone.Deploy.0 = Release|x64
		{AFF13746-FBFE-44DE-A013-AD0E9BCDC2AB}.AppStore|iPhoneSimulator.ActiveCfg = Release|x64
		{AFF13746-FBFE-44DE-A013-AD0E9BCDC2AB}.AppStore|iPhoneSimulator.Build.0 = Release|x64
		{AFF13746-FBFE-44DE-A013-AD0E9BCDC2AB}.AppStore|iPhoneSimulator.Deploy.0 = Release|x64
		{AFF13746-FBFE-44DE-A013-AD0E9BCDC2AB}.AppStore|x64.ActiveCfg = Release|x64
		{AFF13746-FBFE-44DE-A013-AD0E9BCDC2AB}.AppStore|x64.Build.0 = Release|x64
		{AFF13746-FBFE-44DE-A013-AD0E9BCDC2AB}.AppStore|x64.Deploy.0 = Release|x64
		{AFF13746-FBFE-44DE-A013-AD0E9BCDC2AB}.AppStore|x86.ActiveCfg = Release|x86
		{AFF13746-FBFE-44DE-A013-AD0E9BCDC2AB}.AppStore|x86.Build.0 = Release|x86
		{AFF13746-FBFE-44DE-A013-AD0E9BCDC2AB}.AppStore|x86.Deploy.0 = Release|x86
		{AFF13746-FBFE-44DE-A013-AD0E9BCDC2AB}.Debug|Any CPU.ActiveCfg = Debug|x86
		{AFF13746-FBFE-44DE-A013-AD0E9BCDC2AB}.Debug|ARM.ActiveCfg = Debug|ARM
		{AFF13746-FBFE-44DE-A013-AD0E9BCDC2AB}.Debug|ARM.Build.0 = Debug|ARM
		{AFF13746-FBFE-44DE-A013-AD0E9BCDC2AB}.Debug|ARM.Deploy.0 = Debug|ARM
		{AFF13746-FBFE-44DE-A013-AD0E9BCDC2AB}.Debug|iPhone.ActiveCfg = Debug|x86
		{AFF13746-FBFE-44DE-A013-AD0E9BCDC2AB}.Debug|iPhone.Build.0 = Debug|x86
		{AFF13746-FBFE-44DE-A013-AD0E9BCDC2AB}.Debug|iPhone.Deploy.0 = Debug|x86
		{AFF13746-FBFE-44DE-A013-AD0E9BCDC2AB}.Debug|iPhoneSimulator.ActiveCfg = Debug|x86
		{AFF13746-FBFE-44DE-A013-AD0E9BCDC2AB}.Debug|x64.ActiveCfg = Debug|x64
		{AFF13746-FBFE-44DE-A013-AD0E9BCDC2AB}.Debug|x64.Build.0 = Debug|x64
		{AFF13746-FBFE-44DE-A013-AD0E9BCDC2AB}.Debug|x64.Deploy.0 = Debug|x64
		{AFF13746-FBFE-44DE-A013-AD0E9BCDC2AB}.Debug|x86.ActiveCfg = Debug|x86
		{AFF13746-FBFE-44DE-A013-AD0E9BCDC2AB}.Debug|x86.Build.0 = Debug|x86
		{AFF13746-FBFE-44DE-A013-AD0E9BCDC2AB}.Debug|x86.Deploy.0 = Debug|x86
		{AFF13746-FBFE-44DE-A013-AD0E9BCDC2AB}.Release|Any CPU.ActiveCfg = Release|x86
		{AFF13746-FBFE-44DE-A013-AD0E9BCDC2AB}.Release|ARM.ActiveCfg = Release|ARM
		{AFF13746-FBFE-44DE-A013-AD0E9BCDC2AB}.Release|ARM.Build.0 = Release|ARM
		{AFF13746-FBFE-44DE-A013-AD0E9BCDC2AB}.Release|ARM.Deploy.0 = Release|ARM
		{AFF13746-FBFE-44DE-A013-AD0E9BCDC2AB}.Release|iPhone.ActiveCfg = Release|x86
		{AFF13746-FBFE-44DE-A013-AD0E9BCDC2AB}.Release|iPhoneSimulator.ActiveCfg = Release|x86
		{AFF13746-FBFE-44DE-A013-AD0E9BCDC2AB}.Release|x64.ActiveCfg = Release|x64
		{AFF13746-FBFE-44DE-A013-AD0E9BCDC2AB}.Release|x64.Build.0 = Release|x64
		{AFF13746-FBFE-44DE-A013-AD0E9BCDC2AB}.Release|x64.Deploy.0 = Release|x64
		{AFF13746-FBFE-44DE-A013-AD0E9BCDC2AB}.Release|x86.ActiveCfg = Release|x86
		{AFF13746-FBFE-44DE-A013-AD0E9BCDC2AB}.Release|x86.Build.0 = Release|x86
		{AFF13746-FBFE-44DE-A013-AD0E9BCDC2AB}.Release|x86.Deploy.0 = Release|x86
	EndGlobalSection
	GlobalSection(SolutionProperties) = preSolution
		HideSolutionNode = FALSE
	EndGlobalSection
EndGlobal
